
Microsoft Visual Studio Solution File, Format Version 12.00
# Visual Studio 2013
VisualStudioVersion = 12.0.30110.0
MinimumVisualStudioVersion = 10.0.40219.1
Project("{FAE04EC0-301F-11D3-BF4B-00C04F79EFBC}") = "SmartPrint.Model", "SmartPrint.Model\SmartPrint.Model.csproj", "{E4540322-2251-4C4A-8011-175509C26AA9}"
EndProject
Project("{930C7802-8A8C-48F9-8165-68863BCCD9DD}") = "SmartPrint.Setup", "SmartPrint.Setup\SmartPrint.Setup.wixproj", "{EE3E5823-9BD3-446E-A421-B2779141C1D9}"
EndProject
Project("{930C7802-8A8C-48F9-8165-68863BCCD9DD}") = "SmartPrint.Bootstrap", "SmartPrint.Bootstrap\SmartPrint.Bootstrap.wixproj", "{C880E797-39E1-4B87-B1F7-4333DAD89CF0}"
EndProject
Project("{FAE04EC0-301F-11D3-BF4B-00C04F79EFBC}") = "SmartPrint.DriverSetupAction", "SmartPrint.DriverSetupAction\SmartPrint.DriverSetupAction.csproj", "{3ADB200B-9125-4935-976D-072930E4FF19}"
EndProject
Project("{930C7802-8A8C-48F9-8165-68863BCCD9DD}") = "SmartPrint.SetupX64", "SmartPrint.SetupX64\SmartPrint.SetupX64.wixproj", "{39FB4C93-F6EC-483D-B818-06982C11A4C5}"
EndProject
Project("{930C7802-8A8C-48F9-8165-68863BCCD9DD}") = "SmartPrint.BootstrapX64", "SmartPrint.BootstrapX64\SmartPrint.BootstrapX64.wixproj", "{BBC8B321-4C99-4BD4-93A1-269FAED3B949}"
EndProject
Project("{FAE04EC0-301F-11D3-BF4B-00C04F79EFBC}") = "SmartPrinter.UI", "SmartPrinter.UI\SmartPrinter.UI.csproj", "{3070E87E-5C81-4FEA-82DC-CAAF23B7752E}"
EndProject
Project("{2150E333-8FDC-42A3-9474-1A3956D46DE8}") = "Setup", "Setup", "{B4670DD4-53DA-47A4-AB88-E3EBE67309E5}"
EndProject
Project("{2150E333-8FDC-42A3-9474-1A3956D46DE8}") = "x64", "x64", "{175BA1C4-E664-4A81-9EFB-76415CC317DF}"
EndProject
Project("{2150E333-8FDC-42A3-9474-1A3956D46DE8}") = "x86", "x86", "{C2D3F19B-D2B3-4847-AFDD-E32BDCE05ABD}"
EndProject
Global
	GlobalSection(SolutionConfigurationPlatforms) = preSolution
		Debug X64|Any CPU = Debug X64|Any CPU
		Debug X64|Mixed Platforms = Debug X64|Mixed Platforms
		Debug X64|x64 = Debug X64|x64
		Debug X64|x86 = Debug X64|x86
		Debug|Any CPU = Debug|Any CPU
		Debug|Mixed Platforms = Debug|Mixed Platforms
		Debug|x64 = Debug|x64
		Debug|x86 = Debug|x86
		Release X64|Any CPU = Release X64|Any CPU
		Release X64|Mixed Platforms = Release X64|Mixed Platforms
		Release X64|x64 = Release X64|x64
		Release X64|x86 = Release X64|x86
		Release|Any CPU = Release|Any CPU
		Release|Mixed Platforms = Release|Mixed Platforms
		Release|x64 = Release|x64
		Release|x86 = Release|x86
	EndGlobalSection
	GlobalSection(ProjectConfigurationPlatforms) = postSolution
		{E4540322-2251-4C4A-8011-175509C26AA9}.Debug X64|Any CPU.ActiveCfg = Debug X64|Any CPU
		{E4540322-2251-4C4A-8011-175509C26AA9}.Debug X64|Any CPU.Build.0 = Debug X64|Any CPU
		{E4540322-2251-4C4A-8011-175509C26AA9}.Debug X64|Mixed Platforms.ActiveCfg = Debug X64|x86
		{E4540322-2251-4C4A-8011-175509C26AA9}.Debug X64|Mixed Platforms.Build.0 = Debug X64|x86
		{E4540322-2251-4C4A-8011-175509C26AA9}.Debug X64|x64.ActiveCfg = Debug X64|x86
		{E4540322-2251-4C4A-8011-175509C26AA9}.Debug X64|x64.Build.0 = Debug X64|x86
		{E4540322-2251-4C4A-8011-175509C26AA9}.Debug X64|x86.ActiveCfg = Debug X64|x64
		{E4540322-2251-4C4A-8011-175509C26AA9}.Debug X64|x86.Build.0 = Debug X64|x64
		{E4540322-2251-4C4A-8011-175509C26AA9}.Debug|Any CPU.ActiveCfg = Debug|Any CPU
		{E4540322-2251-4C4A-8011-175509C26AA9}.Debug|Any CPU.Build.0 = Debug|Any CPU
		{E4540322-2251-4C4A-8011-175509C26AA9}.Debug|Mixed Platforms.ActiveCfg = Debug|x86
		{E4540322-2251-4C4A-8011-175509C26AA9}.Debug|Mixed Platforms.Build.0 = Debug|x86
		{E4540322-2251-4C4A-8011-175509C26AA9}.Debug|x64.ActiveCfg = Debug|x86
		{E4540322-2251-4C4A-8011-175509C26AA9}.Debug|x64.Build.0 = Debug|x86
		{E4540322-2251-4C4A-8011-175509C26AA9}.Debug|x86.ActiveCfg = Debug|x86
		{E4540322-2251-4C4A-8011-175509C26AA9}.Debug|x86.Build.0 = Debug|x86
		{E4540322-2251-4C4A-8011-175509C26AA9}.Release X64|Any CPU.ActiveCfg = Release X64|Any CPU
		{E4540322-2251-4C4A-8011-175509C26AA9}.Release X64|Any CPU.Build.0 = Release X64|Any CPU
		{E4540322-2251-4C4A-8011-175509C26AA9}.Release X64|Mixed Platforms.ActiveCfg = Release X64|x86
		{E4540322-2251-4C4A-8011-175509C26AA9}.Release X64|Mixed Platforms.Build.0 = Release X64|x86
		{E4540322-2251-4C4A-8011-175509C26AA9}.Release X64|x64.ActiveCfg = Release X64|x64
		{E4540322-2251-4C4A-8011-175509C26AA9}.Release X64|x64.Build.0 = Release X64|x64
		{E4540322-2251-4C4A-8011-175509C26AA9}.Release X64|x86.ActiveCfg = Release X64|x64
		{E4540322-2251-4C4A-8011-175509C26AA9}.Release X64|x86.Build.0 = Release X64|x64
		{E4540322-2251-4C4A-8011-175509C26AA9}.Release|Any CPU.ActiveCfg = Release|Any CPU
		{E4540322-2251-4C4A-8011-175509C26AA9}.Release|Any CPU.Build.0 = Release|Any CPU
		{E4540322-2251-4C4A-8011-175509C26AA9}.Release|Mixed Platforms.ActiveCfg = Release|Any CPU
		{E4540322-2251-4C4A-8011-175509C26AA9}.Release|Mixed Platforms.Build.0 = Release|Any CPU
		{E4540322-2251-4C4A-8011-175509C26AA9}.Release|x64.ActiveCfg = Release|Any CPU
		{E4540322-2251-4C4A-8011-175509C26AA9}.Release|x86.ActiveCfg = Release|x86
		{E4540322-2251-4C4A-8011-175509C26AA9}.Release|x86.Build.0 = Release|x86
		{EE3E5823-9BD3-446E-A421-B2779141C1D9}.Debug X64|Any CPU.ActiveCfg = Debug|x86
		{EE3E5823-9BD3-446E-A421-B2779141C1D9}.Debug X64|Mixed Platforms.ActiveCfg = Debug|x86
		{EE3E5823-9BD3-446E-A421-B2779141C1D9}.Debug X64|Mixed Platforms.Build.0 = Debug|x86
		{EE3E5823-9BD3-446E-A421-B2779141C1D9}.Debug X64|x64.ActiveCfg = Debug|x86
		{EE3E5823-9BD3-446E-A421-B2779141C1D9}.Debug X64|x86.ActiveCfg = Debug|x86
		{EE3E5823-9BD3-446E-A421-B2779141C1D9}.Debug|Any CPU.ActiveCfg = Debug|x86
		{EE3E5823-9BD3-446E-A421-B2779141C1D9}.Debug|Any CPU.Build.0 = Debug|x86
		{EE3E5823-9BD3-446E-A421-B2779141C1D9}.Debug|Mixed Platforms.ActiveCfg = Debug|x86
		{EE3E5823-9BD3-446E-A421-B2779141C1D9}.Debug|Mixed Platforms.Build.0 = Debug|x86
		{EE3E5823-9BD3-446E-A421-B2779141C1D9}.Debug|x64.ActiveCfg = Debug|x86
		{EE3E5823-9BD3-446E-A421-B2779141C1D9}.Debug|x86.ActiveCfg = Debug|x86
		{EE3E5823-9BD3-446E-A421-B2779141C1D9}.Debug|x86.Build.0 = Debug|x86
		{EE3E5823-9BD3-446E-A421-B2779141C1D9}.Debug|x86.Deploy.0 = Debug|x86
		{EE3E5823-9BD3-446E-A421-B2779141C1D9}.Release X64|Any CPU.ActiveCfg = Release|x86
		{EE3E5823-9BD3-446E-A421-B2779141C1D9}.Release X64|Mixed Platforms.ActiveCfg = Release|x86
		{EE3E5823-9BD3-446E-A421-B2779141C1D9}.Release X64|Mixed Platforms.Build.0 = Release|x86
		{EE3E5823-9BD3-446E-A421-B2779141C1D9}.Release X64|x64.ActiveCfg = Release|x86
		{EE3E5823-9BD3-446E-A421-B2779141C1D9}.Release X64|x86.ActiveCfg = Release|x86
		{EE3E5823-9BD3-446E-A421-B2779141C1D9}.Release|Any CPU.ActiveCfg = Release|x86
		{EE3E5823-9BD3-446E-A421-B2779141C1D9}.Release|Mixed Platforms.ActiveCfg = Release|x86
		{EE3E5823-9BD3-446E-A421-B2779141C1D9}.Release|Mixed Platforms.Build.0 = Release|x86
		{EE3E5823-9BD3-446E-A421-B2779141C1D9}.Release|x64.ActiveCfg = Release|x86
		{EE3E5823-9BD3-446E-A421-B2779141C1D9}.Release|x86.ActiveCfg = Release|x86
		{EE3E5823-9BD3-446E-A421-B2779141C1D9}.Release|x86.Build.0 = Release|x86
		{C880E797-39E1-4B87-B1F7-4333DAD89CF0}.Debug X64|Any CPU.ActiveCfg = Debug|x86
		{C880E797-39E1-4B87-B1F7-4333DAD89CF0}.Debug X64|Mixed Platforms.ActiveCfg = Debug|x86
		{C880E797-39E1-4B87-B1F7-4333DAD89CF0}.Debug X64|Mixed Platforms.Build.0 = Debug|x86
		{C880E797-39E1-4B87-B1F7-4333DAD89CF0}.Debug X64|x64.ActiveCfg = Debug|x86
		{C880E797-39E1-4B87-B1F7-4333DAD89CF0}.Debug X64|x64.Build.0 = Debug|x86
		{C880E797-39E1-4B87-B1F7-4333DAD89CF0}.Debug X64|x86.ActiveCfg = Debug|x86
		{C880E797-39E1-4B87-B1F7-4333DAD89CF0}.Debug|Any CPU.ActiveCfg = Debug|x86
		{C880E797-39E1-4B87-B1F7-4333DAD89CF0}.Debug|Any CPU.Build.0 = Debug|x86
		{C880E797-39E1-4B87-B1F7-4333DAD89CF0}.Debug|Mixed Platforms.ActiveCfg = Debug|x86
		{C880E797-39E1-4B87-B1F7-4333DAD89CF0}.Debug|Mixed Platforms.Build.0 = Debug|x86
		{C880E797-39E1-4B87-B1F7-4333DAD89CF0}.Debug|x64.ActiveCfg = Debug|x86
		{C880E797-39E1-4B87-B1F7-4333DAD89CF0}.Debug|x86.ActiveCfg = Debug|x86
		{C880E797-39E1-4B87-B1F7-4333DAD89CF0}.Debug|x86.Build.0 = Debug|x86
		{C880E797-39E1-4B87-B1F7-4333DAD89CF0}.Debug|x86.Deploy.0 = Debug|x86
		{C880E797-39E1-4B87-B1F7-4333DAD89CF0}.Release X64|Any CPU.ActiveCfg = Release|x86
		{C880E797-39E1-4B87-B1F7-4333DAD89CF0}.Release X64|Mixed Platforms.ActiveCfg = Release|x86
		{C880E797-39E1-4B87-B1F7-4333DAD89CF0}.Release X64|Mixed Platforms.Build.0 = Release|x86
		{C880E797-39E1-4B87-B1F7-4333DAD89CF0}.Release X64|x64.ActiveCfg = Release|x86
		{C880E797-39E1-4B87-B1F7-4333DAD89CF0}.Release X64|x86.ActiveCfg = Release|x86
		{C880E797-39E1-4B87-B1F7-4333DAD89CF0}.Release|Any CPU.ActiveCfg = Release|x86
		{C880E797-39E1-4B87-B1F7-4333DAD89CF0}.Release|Mixed Platforms.ActiveCfg = Release|x86
		{C880E797-39E1-4B87-B1F7-4333DAD89CF0}.Release|Mixed Platforms.Build.0 = Release|x86
		{C880E797-39E1-4B87-B1F7-4333DAD89CF0}.Release|x64.ActiveCfg = Release|x86
		{C880E797-39E1-4B87-B1F7-4333DAD89CF0}.Release|x86.ActiveCfg = Release|x86
		{C880E797-39E1-4B87-B1F7-4333DAD89CF0}.Release|x86.Build.0 = Release|x86
		{3ADB200B-9125-4935-976D-072930E4FF19}.Debug X64|Any CPU.ActiveCfg = Debug X64|x86
		{3ADB200B-9125-4935-976D-072930E4FF19}.Debug X64|Mixed Platforms.ActiveCfg = Debug X64|x86
		{3ADB200B-9125-4935-976D-072930E4FF19}.Debug X64|Mixed Platforms.Build.0 = Debug X64|x86
		{3ADB200B-9125-4935-976D-072930E4FF19}.Debug X64|x64.ActiveCfg = Debug X64|x86
		{3ADB200B-9125-4935-976D-072930E4FF19}.Debug X64|x64.Build.0 = Debug X64|x86
		{3ADB200B-9125-4935-976D-072930E4FF19}.Debug X64|x86.ActiveCfg = Debug X64|x64
		{3ADB200B-9125-4935-976D-072930E4FF19}.Debug X64|x86.Build.0 = Debug X64|x64
		{3ADB200B-9125-4935-976D-072930E4FF19}.Debug|Any CPU.ActiveCfg = Debug|x86
		{3ADB200B-9125-4935-976D-072930E4FF19}.Debug|Any CPU.Build.0 = Debug|x86
		{3ADB200B-9125-4935-976D-072930E4FF19}.Debug|Mixed Platforms.ActiveCfg = Debug|x86
		{3ADB200B-9125-4935-976D-072930E4FF19}.Debug|Mixed Platforms.Build.0 = Debug|x86
		{3ADB200B-9125-4935-976D-072930E4FF19}.Debug|x64.ActiveCfg = Debug|x86
		{3ADB200B-9125-4935-976D-072930E4FF19}.Debug|x64.Build.0 = Debug|x86
		{3ADB200B-9125-4935-976D-072930E4FF19}.Debug|x86.ActiveCfg = Debug|x86
		{3ADB200B-9125-4935-976D-072930E4FF19}.Debug|x86.Build.0 = Debug|x86
		{3ADB200B-9125-4935-976D-072930E4FF19}.Debug|x86.Deploy.0 = Debug|x86
		{3ADB200B-9125-4935-976D-072930E4FF19}.Release X64|Any CPU.ActiveCfg = Release X64|x86
		{3ADB200B-9125-4935-976D-072930E4FF19}.Release X64|Mixed Platforms.ActiveCfg = Release X64|x86
		{3ADB200B-9125-4935-976D-072930E4FF19}.Release X64|Mixed Platforms.Build.0 = Release X64|x86
		{3ADB200B-9125-4935-976D-072930E4FF19}.Release X64|x64.ActiveCfg = Release X64|x64
		{3ADB200B-9125-4935-976D-072930E4FF19}.Release X64|x64.Build.0 = Release X64|x64
		{3ADB200B-9125-4935-976D-072930E4FF19}.Release X64|x86.ActiveCfg = Release X64|x64
		{3ADB200B-9125-4935-976D-072930E4FF19}.Release X64|x86.Build.0 = Release X64|x64
		{3ADB200B-9125-4935-976D-072930E4FF19}.Release|Any CPU.ActiveCfg = Release|x86
		{3ADB200B-9125-4935-976D-072930E4FF19}.Release|Mixed Platforms.ActiveCfg = Release|x86
		{3ADB200B-9125-4935-976D-072930E4FF19}.Release|Mixed Platforms.Build.0 = Release|x86
		{3ADB200B-9125-4935-976D-072930E4FF19}.Release|x64.ActiveCfg = Release|x86
		{3ADB200B-9125-4935-976D-072930E4FF19}.Release|x86.ActiveCfg = Release|x86
		{3ADB200B-9125-4935-976D-072930E4FF19}.Release|x86.Build.0 = Release|x86
		{39FB4C93-F6EC-483D-B818-06982C11A4C5}.Debug X64|Any CPU.ActiveCfg = Debug|x86
		{39FB4C93-F6EC-483D-B818-06982C11A4C5}.Debug X64|Mixed Platforms.ActiveCfg = Debug|x86
		{39FB4C93-F6EC-483D-B818-06982C11A4C5}.Debug X64|Mixed Platforms.Build.0 = Debug|x86
		{39FB4C93-F6EC-483D-B818-06982C11A4C5}.Debug X64|x64.ActiveCfg = Debug|x64
		{39FB4C93-F6EC-483D-B818-06982C11A4C5}.Debug X64|x64.Build.0 = Debug|x64
		{39FB4C93-F6EC-483D-B818-06982C11A4C5}.Debug X64|x86.ActiveCfg = Debug|x64
		{39FB4C93-F6EC-483D-B818-06982C11A4C5}.Debug X64|x86.Build.0 = Debug|x64
		{39FB4C93-F6EC-483D-B818-06982C11A4C5}.Debug|Any CPU.ActiveCfg = Debug|x86
		{39FB4C93-F6EC-483D-B818-06982C11A4C5}.Debug|Mixed Platforms.ActiveCfg = Debug|x64
		{39FB4C93-F6EC-483D-B818-06982C11A4C5}.Debug|x64.ActiveCfg = Debug|x64
		{39FB4C93-F6EC-483D-B818-06982C11A4C5}.Debug|x64.Build.0 = Debug|x64
		{39FB4C93-F6EC-483D-B818-06982C11A4C5}.Debug|x86.ActiveCfg = Debug|x64
		{39FB4C93-F6EC-483D-B818-06982C11A4C5}.Release X64|Any CPU.ActiveCfg = Release|x86
		{39FB4C93-F6EC-483D-B818-06982C11A4C5}.Release X64|Mixed Platforms.ActiveCfg = Release|x86
		{39FB4C93-F6EC-483D-B818-06982C11A4C5}.Release X64|Mixed Platforms.Build.0 = Release|x86
		{39FB4C93-F6EC-483D-B818-06982C11A4C5}.Release X64|x64.ActiveCfg = Release|x64
		{39FB4C93-F6EC-483D-B818-06982C11A4C5}.Release X64|x64.Build.0 = Release|x64
		{39FB4C93-F6EC-483D-B818-06982C11A4C5}.Release X64|x86.ActiveCfg = Release|x64
		{39FB4C93-F6EC-483D-B818-06982C11A4C5}.Release X64|x86.Build.0 = Release|x64
		{39FB4C93-F6EC-483D-B818-06982C11A4C5}.Release|Any CPU.ActiveCfg = Release|x86
		{39FB4C93-F6EC-483D-B818-06982C11A4C5}.Release|Mixed Platforms.ActiveCfg = Release|x86
		{39FB4C93-F6EC-483D-B818-06982C11A4C5}.Release|Mixed Platforms.Build.0 = Release|x86
		{39FB4C93-F6EC-483D-B818-06982C11A4C5}.Release|x64.ActiveCfg = Release|x86
		{39FB4C93-F6EC-483D-B818-06982C11A4C5}.Release|x86.ActiveCfg = Release|x86
		{BBC8B321-4C99-4BD4-93A1-269FAED3B949}.Debug X64|Any CPU.ActiveCfg = Debug|x86
		{BBC8B321-4C99-4BD4-93A1-269FAED3B949}.Debug X64|Mixed Platforms.ActiveCfg = Debug|x86
		{BBC8B321-4C99-4BD4-93A1-269FAED3B949}.Debug X64|Mixed Platforms.Build.0 = Debug|x86
		{BBC8B321-4C99-4BD4-93A1-269FAED3B949}.Debug X64|x64.ActiveCfg = Debug|x86
		{BBC8B321-4C99-4BD4-93A1-269FAED3B949}.Debug X64|x86.ActiveCfg = Debug|x64
		{BBC8B321-4C99-4BD4-93A1-269FAED3B949}.Debug X64|x86.Build.0 = Debug|x64
		{BBC8B321-4C99-4BD4-93A1-269FAED3B949}.Debug|Any CPU.ActiveCfg = Debug|x86
		{BBC8B321-4C99-4BD4-93A1-269FAED3B949}.Debug|Mixed Platforms.ActiveCfg = Debug|x64
		{BBC8B321-4C99-4BD4-93A1-269FAED3B949}.Debug|x64.ActiveCfg = Debug|x64
		{BBC8B321-4C99-4BD4-93A1-269FAED3B949}.Debug|x64.Build.0 = Debug|x64
		{BBC8B321-4C99-4BD4-93A1-269FAED3B949}.Debug|x86.ActiveCfg = Debug|x64
		{BBC8B321-4C99-4BD4-93A1-269FAED3B949}.Debug|x86.Deploy.0 = Debug|x64
		{BBC8B321-4C99-4BD4-93A1-269FAED3B949}.Release X64|Any CPU.ActiveCfg = Release|x86
		{BBC8B321-4C99-4BD4-93A1-269FAED3B949}.Release X64|Mixed Platforms.ActiveCfg = Release|x86
		{BBC8B321-4C99-4BD4-93A1-269FAED3B949}.Release X64|Mixed Platforms.Build.0 = Release|x86
		{BBC8B321-4C99-4BD4-93A1-269FAED3B949}.Release X64|x64.ActiveCfg = Release|x64
		{BBC8B321-4C99-4BD4-93A1-269FAED3B949}.Release X64|x64.Build.0 = Release|x64
		{BBC8B321-4C99-4BD4-93A1-269FAED3B949}.Release X64|x86.ActiveCfg = Release|x64
		{BBC8B321-4C99-4BD4-93A1-269FAED3B949}.Release X64|x86.Build.0 = Release|x64
		{BBC8B321-4C99-4BD4-93A1-269FAED3B949}.Release|Any CPU.ActiveCfg = Release|x86
		{BBC8B321-4C99-4BD4-93A1-269FAED3B949}.Release|Mixed Platforms.ActiveCfg = Release|x86
		{BBC8B321-4C99-4BD4-93A1-269FAED3B949}.Release|Mixed Platforms.Build.0 = Release|x86
		{BBC8B321-4C99-4BD4-93A1-269FAED3B949}.Release|x64.ActiveCfg = Release|x86
		{BBC8B321-4C99-4BD4-93A1-269FAED3B949}.Release|x86.ActiveCfg = Release|x86
		{3070E87E-5C81-4FEA-82DC-CAAF23B7752E}.Debug X64|Any CPU.ActiveCfg = Debug|Any CPU
		{3070E87E-5C81-4FEA-82DC-CAAF23B7752E}.Debug X64|Any CPU.Build.0 = Debug|Any CPU
		{3070E87E-5C81-4FEA-82DC-CAAF23B7752E}.Debug X64|Mixed Platforms.ActiveCfg = Debug|Any CPU
		{3070E87E-5C81-4FEA-82DC-CAAF23B7752E}.Debug X64|Mixed Platforms.Build.0 = Debug|Any CPU
		{3070E87E-5C81-4FEA-82DC-CAAF23B7752E}.Debug X64|x64.ActiveCfg = Debug|Any CPU
		{3070E87E-5C81-4FEA-82DC-CAAF23B7752E}.Debug X64|x86.ActiveCfg = Debug|x64
		{3070E87E-5C81-4FEA-82DC-CAAF23B7752E}.Debug X64|x86.Build.0 = Debug|x64
		{3070E87E-5C81-4FEA-82DC-CAAF23B7752E}.Debug|Any CPU.ActiveCfg = Debug|Any CPU
		{3070E87E-5C81-4FEA-82DC-CAAF23B7752E}.Debug|Any CPU.Build.0 = Debug|Any CPU
		{3070E87E-5C81-4FEA-82DC-CAAF23B7752E}.Debug|Mixed Platforms.ActiveCfg = Debug|x86
		{3070E87E-5C81-4FEA-82DC-CAAF23B7752E}.Debug|Mixed Platforms.Build.0 = Debug|x86
		{3070E87E-5C81-4FEA-82DC-CAAF23B7752E}.Debug|x64.ActiveCfg = Debug|x86
		{3070E87E-5C81-4FEA-82DC-CAAF23B7752E}.Debug|x64.Build.0 = Debug|x86
		{3070E87E-5C81-4FEA-82DC-CAAF23B7752E}.Debug|x86.ActiveCfg = Debug|x86
		{3070E87E-5C81-4FEA-82DC-CAAF23B7752E}.Debug|x86.Build.0 = Debug|x86
		{3070E87E-5C81-4FEA-82DC-CAAF23B7752E}.Release X64|Any CPU.ActiveCfg = Release|Any CPU
		{3070E87E-5C81-4FEA-82DC-CAAF23B7752E}.Release X64|Any CPU.Build.0 = Release|Any CPU
		{3070E87E-5C81-4FEA-82DC-CAAF23B7752E}.Release X64|Mixed Platforms.ActiveCfg = Release|Any CPU
		{3070E87E-5C81-4FEA-82DC-CAAF23B7752E}.Release X64|Mixed Platforms.Build.0 = Release|Any CPU
		{3070E87E-5C81-4FEA-82DC-CAAF23B7752E}.Release X64|x64.ActiveCfg = Release|Any CPU
		{3070E87E-5C81-4FEA-82DC-CAAF23B7752E}.Release X64|x86.ActiveCfg = Release|Any CPU
		{3070E87E-5C81-4FEA-82DC-CAAF23B7752E}.Release|Any CPU.ActiveCfg = Release|Any CPU
		{3070E87E-5C81-4FEA-82DC-CAAF23B7752E}.Release|Any CPU.Build.0 = Release|Any CPU
		{3070E87E-5C81-4FEA-82DC-CAAF23B7752E}.Release|Mixed Platforms.ActiveCfg = Release|Any CPU
		{3070E87E-5C81-4FEA-82DC-CAAF23B7752E}.Release|Mixed Platforms.Build.0 = Release|Any CPU
		{3070E87E-5C81-4FEA-82DC-CAAF23B7752E}.Release|x64.ActiveCfg = Release|Any CPU
		{3070E87E-5C81-4FEA-82DC-CAAF23B7752E}.Release|x86.ActiveCfg = Release|Any CPU
	EndGlobalSection
	GlobalSection(SolutionProperties) = preSolution
		HideSolutionNode = FALSE
	EndGlobalSection
	GlobalSection(NestedProjects) = preSolution
		{3ADB200B-9125-4935-976D-072930E4FF19} = {B4670DD4-53DA-47A4-AB88-E3EBE67309E5}
		{175BA1C4-E664-4A81-9EFB-76415CC317DF} = {B4670DD4-53DA-47A4-AB88-E3EBE67309E5}
		{C2D3F19B-D2B3-4847-AFDD-E32BDCE05ABD} = {B4670DD4-53DA-47A4-AB88-E3EBE67309E5}
		{BBC8B321-4C99-4BD4-93A1-269FAED3B949} = {175BA1C4-E664-4A81-9EFB-76415CC317DF}
		{39FB4C93-F6EC-483D-B818-06982C11A4C5} = {175BA1C4-E664-4A81-9EFB-76415CC317DF}
		{EE3E5823-9BD3-446E-A421-B2779141C1D9} = {C2D3F19B-D2B3-4847-AFDD-E32BDCE05ABD}
		{C880E797-39E1-4B87-B1F7-4333DAD89CF0} = {C2D3F19B-D2B3-4847-AFDD-E32BDCE05ABD}
	EndGlobalSection
EndGlobal
